
Microsoft Visual Studio Solution File, Format Version 12.00
# Visual Studio Version 16
VisualStudioVersion = 16.0.30503.244
MinimumVisualStudioVersion = 10.0.40219.1
Project("{FAE04EC0-301F-11D3-BF4B-00C04F79EFBC}") = "Payroll01", "Payroll01.csproj", "{7AB249D8-269B-45D1-94FD-C4D2987EB446}"
EndProject
Global
	GlobalSection(SolutionConfigurationPlatforms) = preSolution
		Debug|Any CPU = Debug|Any CPU
		Release|Any CPU = Release|Any CPU
	EndGlobalSection
	GlobalSection(ProjectConfigurationPlatforms) = postSolution
		{7AB249D8-269B-45D1-94FD-C4D2987EB446}.Debug|Any CPU.ActiveCfg = Debug|Any CPU
		{7AB249D8-269B-45D1-94FD-C4D2987EB446}.Debug|Any CPU.Build.0 = Debug|Any CPU
		{7AB249D8-269B-45D1-94FD-C4D2987EB446}.Release|Any CPU.ActiveCfg = Release|Any CPU
		{7AB249D8-269B-45D1-94FD-C4D2987EB446}.Release|Any CPU.Build.0 = Release|Any CPU
	EndGlobalSection
	GlobalSection(SolutionProperties) = preSolution
		HideSolutionNode = FALSE
	EndGlobalSection
	GlobalSection(ExtensibilityGlobals) = postSolution
		SolutionGuid = {10CEFA3F-3838-49C0-8A44-35231326290D}
	EndGlobalSection
EndGlobal
